
Microsoft Visual Studio Solution File, Format Version 11.00
# Visual Studio 2010
Project("{FAE04EC0-301F-11D3-BF4B-00C04F79EFBC}") = "人力资源管理系统", "人力资源管理系统\人力资源管理系统.csproj", "{5636D62F-0399-4807-A83E-5A779C7FA181}"
EndProject
Global
	GlobalSection(SolutionConfigurationPlatforms) = preSolution
		Debug|Any CPU = Debug|Any CPU
		Release|Any CPU = Release|Any CPU
	EndGlobalSection
	GlobalSection(ProjectConfigurationPlatforms) = postSolution
		{5636D62F-0399-4807-A83E-5A779C7FA181}.Debug|Any CPU.ActiveCfg = Debug|Any CPU
		{5636D62F-0399-4807-A83E-5A779C7FA181}.Debug|Any CPU.Build.0 = Debug|Any CPU
		{5636D62F-0399-4807-A83E-5A779C7FA181}.Release|Any CPU.ActiveCfg = Release|Any CPU
		{5636D62F-0399-4807-A83E-5A779C7FA181}.Release|Any CPU.Build.0 = Release|Any CPU
	EndGlobalSection
	GlobalSection(SolutionProperties) = preSolution
		HideSolutionNode = FALSE
	EndGlobalSection
EndGlobal
